
Microsoft Visual Studio Solution File, Format Version 12.00
# Visual Studio Version 16
VisualStudioVersion = 16.0.29102.190
MinimumVisualStudioVersion = 10.0.40219.1
Project("{FAE04EC0-301F-11D3-BF4B-00C04F79EFBC}") = "Tiff2Jpeg", "Tiff2Jpeg.csproj", "{4E40E0B7-3814-48DE-9812-DED29FE9F502}"
EndProject
Global
	GlobalSection(SolutionConfigurationPlatforms) = preSolution
		Debug|Any CPU = Debug|Any CPU
		Release|Any CPU = Release|Any CPU
	EndGlobalSection
	GlobalSection(ProjectConfigurationPlatforms) = postSolution
		{4E40E0B7-3814-48DE-9812-DED29FE9F502}.Debug|Any CPU.ActiveCfg = Debug|Any CPU
		{4E40E0B7-3814-48DE-9812-DED29FE9F502}.Debug|Any CPU.Build.0 = Debug|Any CPU
		{4E40E0B7-3814-48DE-9812-DED29FE9F502}.Release|Any CPU.ActiveCfg = Release|Any CPU
		{4E40E0B7-3814-48DE-9812-DED29FE9F502}.Release|Any CPU.Build.0 = Release|Any CPU
	EndGlobalSection
	GlobalSection(SolutionProperties) = preSolution
		HideSolutionNode = FALSE
	EndGlobalSection
	GlobalSection(ExtensibilityGlobals) = postSolution
		SolutionGuid = {47398668-DFC7-4429-BED9-4E4BD1625136}
	EndGlobalSection
EndGlobal
